{
  "name": "ball",
  "version": "3.4.0",
  "lockfileVersion": 2,
  "requires": true,
  "packages": {
    "": {
      "name": "ball",
      "version": "3.4.0",
      "dependencies": {
        "pbjs": "^0.0.14"
      }
    },
    "node_modules/commander": {
      "version": "4.0.1",
      "resolved": "https://registry.npmjs.org/commander/-/commander-4.0.1.tgz",
      "integrity": "sha512-IPF4ouhCP+qdlcmCedhxX4xiGBPyigb8v5NeUp+0LyhwLgxMqyp3S0vl7TAPfS/hiP7FC3caI/PB9lTmP8r1NA==",
      "engines": {
        "node": ">= 6"
      }
    },
    "node_modules/pbjs": {
      "version": "0.0.14",
      "resolved": "https://registry.npmjs.org/pbjs/-/pbjs-0.0.14.tgz",
      "integrity": "sha512-F4aA0ojrQ37kxFPOg4yRLP/vxb76rYQwMQigmVEljYlA7hZKmjaWjP6IkRn4nA0NdIj4Xxe4iqWrrIhJy+MwWQ==",
      "dependencies": {
        "commander": "4.0.1",
        "protocol-buffers-schema": "3.1.0"
      },
      "bin": {
        "pbjs": "cli.js"
      }
    },
    "node_modules/protocol-buffers-schema": {
      "version": "3.1.0",
      "resolved": "https://registry.npmjs.org/protocol-buffers-schema/-/protocol-buffers-schema-3.1.0.tgz",
      "integrity": "sha512-1g9zFjLFhGN1Dc5UVO8D2loVslp6sVxk5sJqgD66CuWUITh2gOaTLRN/pIakGFfB6e0nNF6hImrYFDurEsA1UQ=="
    }
  },
  "dependencies": {
    "commander": {
      "version": "4.0.1",
      "resolved": "https://registry.npmjs.org/commander/-/commander-4.0.1.tgz",
      "integrity": "sha512-IPF4ouhCP+qdlcmCedhxX4xiGBPyigb8v5NeUp+0LyhwLgxMqyp3S0vl7TAPfS/hiP7FC3caI/PB9lTmP8r1NA=="
    },
    "pbjs": {
      "version": "0.0.14",
      "resolved": "https://registry.npmjs.org/pbjs/-/pbjs-0.0.14.tgz",
      "integrity": "sha512-F4aA0ojrQ37kxFPOg4yRLP/vxb76rYQwMQigmVEljYlA7hZKmjaWjP6IkRn4nA0NdIj4Xxe4iqWrrIhJy+MwWQ==",
      "requires": {
        "commander": "4.0.1",
        "protocol-buffers-schema": "3.1.0"
      }
    },
    "protocol-buffers-schema": {
      "version": "3.1.0",
      "resolved": "https://registry.npmjs.org/protocol-buffers-schema/-/protocol-buffers-schema-3.1.0.tgz",
      "integrity": "sha512-1g9zFjLFhGN1Dc5UVO8D2loVslp6sVxk5sJqgD66CuWUITh2gOaTLRN/pIakGFfB6e0nNF6hImrYFDurEsA1UQ=="
    }
  }
}
